{
	"dependencies": {
		"thrift": {
			"version": "0.9.3",
			"dependencies": {
				"node-int64": {
					"version": "0.3.3"
				},
				"q": {
					"version": "1.0.1"
				},
				"ws": {
					"version": "0.4.32",
					"dependencies": {
						"commander": {
							"version": "2.1.0"
						},
						"nan": {
							"version": "1.0.0"
						},
						"tinycolor": {
							"version": "0.0.1"
						},
						"options": {
							"version": "0.0.6"
						}
					}
				}
			}
		}
	}
}
